
Microsoft Visual Studio Solution File, Format Version 12.00
# Visual Studio Version 17
VisualStudioVersion = 17.3.32825.248
MinimumVisualStudioVersion = 10.0.40219.1
Project("{FAE04EC0-301F-11D3-BF4B-00C04F79EFBC}") = "keywords", "Interfaces\keywords.csproj", "{E7C78964-0E31-4A62-9D07-D33B01FA4688}"
EndProject
Project("{FAE04EC0-301F-11D3-BF4B-00C04F79EFBC}") = "Arrays", "Arrays\Arrays.csproj", "{AD486FF1-93A4-43D6-AE47-9C3D8674F9FC}"
EndProject
Global
	GlobalSection(SolutionConfigurationPlatforms) = preSolution
		Debug|Any CPU = Debug|Any CPU
		Release|Any CPU = Release|Any CPU
	EndGlobalSection
	GlobalSection(ProjectConfigurationPlatforms) = postSolution
		{E7C78964-0E31-4A62-9D07-D33B01FA4688}.Debug|Any CPU.ActiveCfg = Debug|Any CPU
		{E7C78964-0E31-4A62-9D07-D33B01FA4688}.Debug|Any CPU.Build.0 = Debug|Any CPU
		{E7C78964-0E31-4A62-9D07-D33B01FA4688}.Release|Any CPU.ActiveCfg = Release|Any CPU
		{E7C78964-0E31-4A62-9D07-D33B01FA4688}.Release|Any CPU.Build.0 = Release|Any CPU
		{AD486FF1-93A4-43D6-AE47-9C3D8674F9FC}.Debug|Any CPU.ActiveCfg = Debug|Any CPU
		{AD486FF1-93A4-43D6-AE47-9C3D8674F9FC}.Debug|Any CPU.Build.0 = Debug|Any CPU
		{AD486FF1-93A4-43D6-AE47-9C3D8674F9FC}.Release|Any CPU.ActiveCfg = Release|Any CPU
		{AD486FF1-93A4-43D6-AE47-9C3D8674F9FC}.Release|Any CPU.Build.0 = Release|Any CPU
	EndGlobalSection
	GlobalSection(SolutionProperties) = preSolution
		HideSolutionNode = FALSE
	EndGlobalSection
	GlobalSection(ExtensibilityGlobals) = postSolution
		SolutionGuid = {D2D62EC5-6314-4144-8FDB-132259E12C58}
	EndGlobalSection
EndGlobal
